<?xml version="1.0" encoding="utf-8"?>
<Project ToolsVersion="4.0" xmlns="http://schemas.microsoft.com/developer/msbuild/2003">
  <ItemGroup>
    <Filter Include="Source Files">
      <UniqueIdentifier>{4FC737F1-C7A5-4376-A066-2A32D752A2FF}</UniqueIdentifier>
      <Extensions>cpp;c;cc;cxx;def;odl;idl;hpj;bat;asm;asmx</Extensions>
    </Filter>
    <Filter Include="Header Files">
      <UniqueIdentifier>{93995380-89BD-4b04-88EB-625FBE52EBFB}</UniqueIdentifier>
      <Extensions>h;hh;hpp;hxx;hm;inl;inc;ipp;xsd</Extensions>
    </Filter>
    <Filter Include="Resource Files">
      <UniqueIdentifier>{67DA6AB6-F800-4c08-8B7A-83BB121AAD01}</UniqueIdentifier>
      <Extensions>rc;ico;cur;bmp;dlg;rc2;rct;bin;rgs;gif;jpg;jpeg;jpe;resx;tiff;tif;png;wav;mfcribbon-ms</Extensions>
    </Filter>
  </ItemGroup>
  <ItemGroup>
    <ClCompile Include="src\Main.cpp">
      <Filter>Source Files</Filter>
    </ClCompile>
    <ClCompile Include="src\Boss.cpp">
      <Filter>Source Files</Filter>
    </ClCompile>
    <ClCompile Include="src\Filament.cpp">
      <Filter>Source Files</Filter>
    </ClCompile>
    <ClCompile Include="src\Game.cpp">
      <Filter>Source Files</Filter>
    </ClCompile>
    <ClCompile Include="src\GameplayScene.cpp">
      <Filter>Source Files</Filter>
    </ClCompile>
    <ClCompile Include="src\GeometryUtils.cpp">
      <Filter>Source Files</Filter>
    </ClCompile>
    <ClCompile Include="src\MainMenuScene.cpp">
      <Filter>Source Files</Filter>
    </ClCompile>
    <ClCompile Include="src\Orb.cpp">
      <Filter>Source Files</Filter>
    </ClCompile>
    <ClCompile Include="src\Pillar.cpp">
      <Filter>Source Files</Filter>
    </ClCompile>
    <ClCompile Include="src\Player.cpp">
      <Filter>Source Files</Filter>
    </ClCompile>
    <ClCompile Include="src\ResouceManager.cpp">
      <Filter>Source Files</Filter>
    </ClCompile>
    <ClCompile Include="src\SpriteAnimator.cpp">
      <Filter>Source Files</Filter>
    </ClCompile>
    <ClCompile Include="src\UIButton.cpp">
      <Filter>Source Files</Filter>
    </ClCompile>
    <ClCompile Include="src\UIManager.cpp">
      <Filter>Source Files</Filter>
    </ClCompile>
    <ClCompile Include="src\BulletEmitter.cpp">
      <Filter>Source Files</Filter>
    </ClCompile>
    <ClCompile Include="src\BulletPool.cpp">
      <Filter>Source Files</Filter>
    </ClCompile>
    <ClCompile Include="src\AudioOptionsPanel.cpp">
      <Filter>Source Files</Filter>
    </ClCompile>
    <ClCompile Include="src\HighScore.cpp">
      <Filter>Source Files</Filter>
    </ClCompile>
    <ClCompile Include="src\HUD.cpp">
      <Filter>Source Files</Filter>
    </ClCompile>
    <ClCompile Include="src\linq.cpp">
      <Filter>Source Files</Filter>
    </ClCompile>
    <ClCompile Include="src\PauseLayer.cpp">
      <Filter>Source Files</Filter>
    </ClCompile>
    <ClCompile Include="src\PlayerAABB.cpp">
      <Filter>Source Files</Filter>
    </ClCompile>
    <ClCompile Include="src\PlayerTunerScene.cpp">
      <Filter>Source Files</Filter>
    </ClCompile>
    <ClCompile Include="src\RunStats.cpp">
      <Filter>Source Files</Filter>
    </ClCompile>
    <ClCompile Include="src\SoundManager.cpp">
      <Filter>Source Files</Filter>
    </ClCompile>
    <ClCompile Include="src\StatsMath.cpp">
      <Filter>Source Files</Filter>
    </ClCompile>
    <ClCompile Include="src\VolumeSlider.cpp">
      <Filter>Source Files</Filter>
    </ClCompile>
    <ClCompile Include="src\WinScene.cpp">
      <Filter>Source Files</Filter>
    </ClCompile>
  </ItemGroup>
  <ItemGroup>
    <ClInclude Include="src\Boss.h">
      <Filter>Header Files</Filter>
    </ClInclude>
    <ClInclude Include="src\Filament.h">
      <Filter>Header Files</Filter>
    </ClInclude>
    <ClInclude Include="src\FrameMeta.h">
      <Filter>Header Files</Filter>
    </ClInclude>
    <ClInclude Include="src\Game.h">
      <Filter>Header Files</Filter>
    </ClInclude>
    <ClInclude Include="src\GameplayScene.h">
      <Filter>Header Files</Filter>
    </ClInclude>
    <ClInclude Include="src\GeometryUtils.h">
      <Filter>Header Files</Filter>
    </ClInclude>
    <ClInclude Include="src\IChockeable.h">
      <Filter>Header Files</Filter>
    </ClInclude>
    <ClInclude Include="src\IChokeQuery.h">
      <Filter>Header Files</Filter>
    </ClInclude>
    <ClInclude Include="src\IScene.h">
      <Filter>Header Files</Filter>
    </ClInclude>
    <ClInclude Include="src\IWidget.h">
      <Filter>Header Files</Filter>
    </ClInclude>
    <ClInclude Include="src\MainMenuScene.h">
      <Filter>Header Files</Filter>
    </ClInclude>
    <ClInclude Include="src\Orb.h">
      <Filter>Header Files</Filter>
    </ClInclude>
    <ClInclude Include="src\Pillar.h">
      <Filter>Header Files</Filter>
    </ClInclude>
    <ClInclude Include="src\Player.h">
      <Filter>Header Files</Filter>
    </ClInclude>
    <ClInclude Include="src\ResouceManager.h">
      <Filter>Header Files</Filter>
    </ClInclude>
    <ClInclude Include="src\SpriteAnimator.h">
      <Filter>Header Files</Filter>
    </ClInclude>
    <ClInclude Include="src\StateMachine.h">
      <Filter>Header Files</Filter>
    </ClInclude>
    <ClInclude Include="src\UIButton.h">
      <Filter>Header Files</Filter>
    </ClInclude>
    <ClInclude Include="src\UIManager.h">
      <Filter>Header Files</Filter>
    </ClInclude>
    <ClInclude Include="src\Bullet.h">
      <Filter>Header Files</Filter>
    </ClInclude>
    <ClInclude Include="src\BulletEmitter.h">
      <Filter>Header Files</Filter>
    </ClInclude>
    <ClInclude Include="src\BulletPool.h">
      <Filter>Header Files</Filter>
    </ClInclude>
    <ClInclude Include="src\IBulletEmitter.h">
      <Filter>Header Files</Filter>
    </ClInclude>
    <ClInclude Include="src\AudioOptionsPanel.h">
      <Filter>Header Files</Filter>
    </ClInclude>
    <ClInclude Include="src\Helpers.h">
      <Filter>Header Files</Filter>
    </ClInclude>
    <ClInclude Include="src\HighScore.h">
      <Filter>Header Files</Filter>
    </ClInclude>
    <ClInclude Include="src\HUD.h">
      <Filter>Header Files</Filter>
    </ClInclude>
    <ClInclude Include="src\IOrb.h">
      <Filter>Header Files</Filter>
    </ClInclude>
    <ClInclude Include="src\linq.h">
      <Filter>Header Files</Filter>
    </ClInclude>
    <ClInclude Include="src\PauseLayer.h">
      <Filter>Header Files</Filter>
    </ClInclude>
    <ClInclude Include="src\PlayerAABB.h">
      <Filter>Header Files</Filter>
    </ClInclude>
    <ClInclude Include="src\PlayerTunerScene.h">
      <Filter>Header Files</Filter>
    </ClInclude>
    <ClInclude Include="src\RunStats.h">
      <Filter>Header Files</Filter>
    </ClInclude>
    <ClInclude Include="src\SoundManager.h">
      <Filter>Header Files</Filter>
    </ClInclude>
    <ClInclude Include="src\StatsMath.h">
      <Filter>Header Files</Filter>
    </ClInclude>
    <ClInclude Include="src\VolumeSlider.h">
      <Filter>Header Files</Filter>
    </ClInclude>
    <ClInclude Include="src\WinScene.h">
      <Filter>Header Files</Filter>
    </ClInclude>
  </ItemGroup>
</Project>